<?xml version="1.0" encoding="utf-8"?>
<Project ToolsVersion="4.0" xmlns="http://schemas.microsoft.com/developer/msbuild/2003">
  <ItemGroup>
    <Filter Include="Source Files">
      <UniqueIdentifier>{4FC737F1-C7A5-4376-A066-2A32D752A2FF}</UniqueIdentifier>
      <Extensions>cpp;c;cc;cxx;def;odl;idl;hpj;bat;asm;asmx</Extensions>
    </Filter>
    <Filter Include="Header Files">
      <UniqueIdentifier>{93995380-89BD-4b04-88EB-625FBE52EBFB}</UniqueIdentifier>
      <Extensions>h;hh;hpp;hxx;hm;inl;inc;xsd</Extensions>
    </Filter>
    <Filter Include="Resource Files">
      <UniqueIdentifier>{67DA6AB6-F800-4c08-8B7A-83BB121AAD01}</UniqueIdentifier>
      <Extensions>rc;ico;cur;bmp;dlg;rc2;rct;bin;rgs;gif;jpg;jpeg;jpe;resx;tiff;tif;png;wav;mfcribbon-ms</Extensions>
    </Filter>
  </ItemGroup>
  <ItemGroup>
    <ClCompile Include="..\theora\lib\bitpack.c">
      <Filter>Source Files</Filter>
    </ClCompile>
    <ClCompile Include="..\theora\lib\dequant.c">
      <Filter>Source Files</Filter>
    </ClCompile>
    <ClCompile Include="..\theora\lib\internal.c">
      <Filter>Source Files</Filter>
    </ClCompile>
    <ClCompile Include="..\theora\lib\quant.c">
      <Filter>Source Files</Filter>
    </ClCompile>
    <ClCompile Include="..\theora\lib\state.c">
      <Filter>Source Files</Filter>
    </ClCompile>
    <ClCompile Include="..\theora\lib\fragment.c">
      <Filter>Source Files</Filter>
    </ClCompile>
    <ClCompile Include="..\theora\lib\idct_b2.c">
      <Filter>Source Files</Filter>
    </ClCompile>
    <ClCompile Include="..\theora\lib\info.c">
      <Filter>Source Files</Filter>
    </ClCompile>
    <ClCompile Include="..\theora\lib\x86intr\sse2idct.c">
      <Filter>Source Files</Filter>
    </ClCompile>
    <ClCompile Include="..\theora\lib\x86intr\x86state.c">
      <Filter>Source Files</Filter>
    </ClCompile>
    <ClCompile Include="..\theora\lib\x86intr\x86cpu.c">
      <Filter>Source Files</Filter>
    </ClCompile>
    <ClCompile Include="..\theora\lib\x86intr\sse2frag.c">
      <Filter>Source Files</Filter>
    </ClCompile>
  </ItemGroup>
  <ItemGroup>
    <ClInclude Include="..\theora\include\theora\codec.h">
      <Filter>Header Files</Filter>
    </ClInclude>
    <ClInclude Include="..\theora\include\theora\theora.h">
      <Filter>Header Files</Filter>
    </ClInclude>
    <ClInclude Include="..\theora\lib\apiwrapper.h">
      <Filter>Header Files</Filter>
    </ClInclude>
    <ClInclude Include="..\theora\lib\collect.h">
      <Filter>Header Files</Filter>
    </ClInclude>
    <ClInclude Include="..\theora\lib\dct.h">
      <Filter>Header Files</Filter>
    </ClInclude>
    <ClInclude Include="..\theora\lib\decint.h">
      <Filter>Header Files</Filter>
    </ClInclude>
    <ClInclude Include="..\theora\lib\dequant.h">
      <Filter>Header Files</Filter>
    </ClInclude>
    <ClInclude Include="..\theora\lib\encint.h">
      <Filter>Header Files</Filter>
    </ClInclude>
    <ClInclude Include="..\theora\lib\enquant.h">
      <Filter>Header Files</Filter>
    </ClInclude>
    <ClInclude Include="..\theora\lib\huffdec.h">
      <Filter>Header Files</Filter>
    </ClInclude>
    <ClInclude Include="..\theora\lib\huffenc.h">
      <Filter>Header Files</Filter>
    </ClInclude>
    <ClInclude Include="..\theora\lib\huffman.h">
      <Filter>Header Files</Filter>
    </ClInclude>
    <ClInclude Include="..\theora\lib\internal.h">
      <Filter>Header Files</Filter>
    </ClInclude>
    <ClInclude Include="..\theora\lib\mathops.h">
      <Filter>Header Files</Filter>
    </ClInclude>
    <ClInclude Include="..\theora\lib\modedec.h">
      <Filter>Header Files</Filter>
    </ClInclude>
    <ClInclude Include="..\theora\lib\ocintrin.h">
      <Filter>Header Files</Filter>
    </ClInclude>
    <ClInclude Include="..\theora\lib\quant.h">
      <Filter>Header Files</Filter>
    </ClInclude>
    <ClInclude Include="..\theora\lib\state.h">
      <Filter>Header Files</Filter>
    </ClInclude>
    <ClInclude Include="..\theora\lib\bitpack.h">
      <Filter>Header Files</Filter>
    </ClInclude>
    <ClInclude Include="..\theora\lib\config.h">
      <Filter>Header Files</Filter>
    </ClInclude>
    <ClInclude Include="..\theora\lib\x86intr\x86int.h">
      <Filter>Header Files</Filter>
    </ClInclude>
    <ClInclude Include="..\theora\lib\x86intr\x86cpu.h">
      <Filter>Header Files</Filter>
    </ClInclude>
  </ItemGroup>
</Project>