<?xml version="1.0" encoding="utf-8"?>
<Project ToolsVersion="4.0" xmlns="http://schemas.microsoft.com/developer/msbuild/2003">
  <ItemGroup>
    <Filter Include="Source Files">
      <UniqueIdentifier>{4FC737F1-C7A5-4376-A066-2A32D752A2FF}</UniqueIdentifier>
      <Extensions>cpp;c;cc;cxx;def;odl;idl;hpj;bat;asm;asmx</Extensions>
    </Filter>
    <Filter Include="Header Files">
      <UniqueIdentifier>{93995380-89BD-4b04-88EB-625FBE52EBFB}</UniqueIdentifier>
      <Extensions>h;hpp;hxx;hm;inl;inc;xsd</Extensions>
    </Filter>
    <Filter Include="Resource Files">
      <UniqueIdentifier>{67DA6AB6-F800-4c08-8B7A-83BB121AAD01}</UniqueIdentifier>
      <Extensions>rc;ico;cur;bmp;dlg;rc2;rct;bin;rgs;gif;jpg;jpeg;jpe;resx;tiff;tif;png;wav;mfcribbon-ms</Extensions>
    </Filter>
  </ItemGroup>
  <ItemGroup>
    <ClCompile Include="mpeg_vidstream.cpp">
      <Filter>Source Files</Filter>
    </ClCompile>
    <ClCompile Include="lwmovie_bitstream.cpp">
      <Filter>Source Files</Filter>
    </ClCompile>
    <ClCompile Include="lwmovie_parseblock.cpp">
      <Filter>Source Files</Filter>
    </ClCompile>
    <ClCompile Include="lwmovie_constants.cpp">
      <Filter>Source Files</Filter>
    </ClCompile>
    <ClCompile Include="lwmovie_decodedct.cpp">
      <Filter>Source Files</Filter>
    </ClCompile>
    <ClCompile Include="lwmovie_vlc.cpp">
      <Filter>Source Files</Filter>
    </ClCompile>
    <ClCompile Include="lwmovie_motionvectors.cpp">
      <Filter>Source Files</Filter>
    </ClCompile>
    <ClCompile Include="lwmovie_vlctables.cpp">
      <Filter>Source Files</Filter>
    </ClCompile>
    <ClCompile Include="idct\fastjrevdct.cpp">
      <Filter>Source Files</Filter>
    </ClCompile>
    <ClCompile Include="lwmovie_demux.cpp">
      <Filter>Source Files</Filter>
    </ClCompile>
    <ClCompile Include="lwmovie_recon_m1vsw.cpp">
      <Filter>Source Files</Filter>
    </ClCompile>
    <ClCompile Include="lwmovie_recon.cpp">
      <Filter>Source Files</Filter>
    </ClCompile>
    <ClCompile Include="mpeg_deslicer.cpp">
      <Filter>Source Files</Filter>
    </ClCompile>
    <ClCompile Include="lwmovie_idct.cpp">
      <Filter>Source Files</Filter>
    </ClCompile>
    <ClCompile Include="lwmovie_profile.cpp">
      <Filter>Source Files</Filter>
    </ClCompile>
    <ClCompile Include="lwmovie_fp_systemmem.cpp">
      <Filter>Source Files</Filter>
    </ClCompile>
    <ClCompile Include="lwmovie_init.cpp">
      <Filter>Source Files</Filter>
    </ClCompile>
    <ClCompile Include="lwmovie_mp2_decoder.cpp">
      <Filter>Source Files</Filter>
    </ClCompile>
    <ClCompile Include="lwmovie_audiobuffer.cpp">
      <Filter>Source Files</Filter>
    </ClCompile>
    <ClCompile Include="lwmovie_celt_decoder.cpp">
      <Filter>Source Files</Filter>
    </ClCompile>
    <ClCompile Include="lwmovie_adpcm_decoder.cpp">
      <Filter>Source Files</Filter>
    </ClCompile>
    <ClCompile Include="lwmovie_adpcm.cpp">
      <Filter>Source Files</Filter>
    </ClCompile>
    <ClCompile Include="lwmovie_audiocodec.cpp">
      <Filter>Source Files</Filter>
    </ClCompile>
    <ClCompile Include="idct\jrevdct.cpp">
      <Filter>Source Files</Filter>
    </ClCompile>
    <ClCompile Include="lwmovie_exportpixels.cpp">
      <Filter>Source Files</Filter>
    </ClCompile>
    <ClCompile Include="lwmovie_cake.cpp">
      <Filter>Source Files</Filter>
    </ClCompile>
    <ClCompile Include="lwmovie_fp_d3d11.cpp">
      <Filter>Source Files</Filter>
    </ClCompile>
    <ClCompile Include="lwmovie_recon_d3d11.cpp">
      <Filter>Source Files</Filter>
    </ClCompile>
    <ClCompile Include="lwmovie_m1v_idct.cpp">
      <Filter>Source Files</Filter>
    </ClCompile>
    <ClCompile Include="lwmovie_roq.cpp">
      <Filter>Source Files</Filter>
    </ClCompile>
    <ClCompile Include="lwmovie_recon_roqsw.cpp">
      <Filter>Source Files</Filter>
    </ClCompile>
    <ClCompile Include="lwmovie_vlc_dct.cpp">
      <Filter>Source Files</Filter>
    </ClCompile>
  </ItemGroup>
  <ItemGroup>
    <ClInclude Include="lwmovie_bitstream.hpp">
      <Filter>Header Files</Filter>
    </ClInclude>
    <ClInclude Include="lwmovie_external_types.h">
      <Filter>Header Files</Filter>
    </ClInclude>
    <ClInclude Include="lwmovie_constants.hpp">
      <Filter>Header Files</Filter>
    </ClInclude>
    <ClInclude Include="lwmovie_videotypes.hpp">
      <Filter>Header Files</Filter>
    </ClInclude>
    <ClInclude Include="lwmovie_vlc.hpp">
      <Filter>Header Files</Filter>
    </ClInclude>
    <ClInclude Include="lwmovie_bits.hpp">
      <Filter>Header Files</Filter>
    </ClInclude>
    <ClInclude Include="lwmovie_package.hpp">
      <Filter>Header Files</Filter>
    </ClInclude>
    <ClInclude Include="lwmovie_packetplan.hpp">
      <Filter>Header Files</Filter>
    </ClInclude>
    <ClInclude Include="lwmovie_recon.hpp">
      <Filter>Header Files</Filter>
    </ClInclude>
    <ClInclude Include="lwmovie_recon_m1v.hpp">
      <Filter>Header Files</Filter>
    </ClInclude>
    <ClInclude Include="lwmovie_recon_m1vsw.hpp">
      <Filter>Header Files</Filter>
    </ClInclude>
    <ClInclude Include="lwmovie_fillable.hpp">
      <Filter>Header Files</Filter>
    </ClInclude>
    <ClInclude Include="lwmovie_simd_defs.hpp">
      <Filter>Header Files</Filter>
    </ClInclude>
    <ClInclude Include="lwmovie_profile.hpp">
      <Filter>Header Files</Filter>
    </ClInclude>
    <ClInclude Include="lwmovie.h">
      <Filter>Header Files</Filter>
    </ClInclude>
    <ClInclude Include="lwmovie_audiobuffer.hpp">
      <Filter>Header Files</Filter>
    </ClInclude>
    <ClInclude Include="lwmovie_celt_decoder.hpp">
      <Filter>Header Files</Filter>
    </ClInclude>
    <ClInclude Include="lwmovie_mp2_decoder.hpp">
      <Filter>Header Files</Filter>
    </ClInclude>
    <ClInclude Include="lwmovie_adpcm_decoder.hpp">
      <Filter>Header Files</Filter>
    </ClInclude>
    <ClInclude Include="lwmovie_audiocodec.hpp">
      <Filter>Header Files</Filter>
    </ClInclude>
    <ClInclude Include="lwmovie_idct.hpp">
      <Filter>Header Files</Filter>
    </ClInclude>
    <ClInclude Include="..\common\lwmovie_attribs.h">
      <Filter>Header Files</Filter>
    </ClInclude>
    <ClInclude Include="lwmovie_cake.h">
      <Filter>Header Files</Filter>
    </ClInclude>
    <ClInclude Include="lwmovie_cpp_shims.hpp">
      <Filter>Header Files</Filter>
    </ClInclude>
    <ClInclude Include="lwmovie_cake_cppshims.hpp">
      <Filter>Header Files</Filter>
    </ClInclude>
    <ClInclude Include="lwmovie_recon_d3d11.hpp">
      <Filter>Header Files</Filter>
    </ClInclude>
    <ClInclude Include="lwmovie_fp_d3d11.hpp">
      <Filter>Header Files</Filter>
    </ClInclude>
    <ClInclude Include="lwmovie_bitloader.hpp">
      <Filter>Header Files</Filter>
    </ClInclude>
    <ClInclude Include="lwmovie_roq.hpp">
      <Filter>Header Files</Filter>
    </ClInclude>
    <ClInclude Include="lwmovie_recon_roqsw.hpp">
      <Filter>Header Files</Filter>
    </ClInclude>
  </ItemGroup>
  <ItemGroup>
    <None Include="lwmovie_recon_m1vsw_sse2.inl">
      <Filter>Header Files</Filter>
    </None>
    <None Include="lwmovie_recon_m1vsw_c.inl">
      <Filter>Header Files</Filter>
    </None>
  </ItemGroup>
</Project>