
Microsoft Visual Studio Solution File, Format Version 11.00
# Visual C++ Express 2010
Project("{8BC9CEB8-8B4A-11D0-8D11-00A0C91BC942}") = "lwmovie", "lwmovie\lwmovie.vcxproj", "{4D50A48B-D801-4AE7-B4D5-922D461C8354}"
EndProject
Project("{8BC9CEB8-8B4A-11D0-8D11-00A0C91BC942}") = "lwmux", "lwmux\lwmux.vcxproj", "{641DD910-7E8F-4287-B0B2-C5F36AEBDC32}"
EndProject
Project("{8BC9CEB8-8B4A-11D0-8D11-00A0C91BC942}") = "mp2dec2", "mp2dec2\mp2dec2.vcxproj", "{C20D80EA-B440-485B-B555-26401FE7A054}"
EndProject
Project("{8BC9CEB8-8B4A-11D0-8D11-00A0C91BC942}") = "lwplay", "lwplay\lwplay.vcxproj", "{9689753A-3C3F-49FA-8E9C-7373747054C3}"
EndProject
Project("{8BC9CEB8-8B4A-11D0-8D11-00A0C91BC942}") = "mp2maketable", "mp2maketable\mp2maketable.vcxproj", "{052446C7-08D5-4389-A19E-47105E884742}"
EndProject
Project("{8BC9CEB8-8B4A-11D0-8D11-00A0C91BC942}") = "lwcelt", "lwcelt\lwcelt.vcxproj", "{245603E3-F580-41A5-9632-B25FE3372CBF}"
EndProject
Project("{8BC9CEB8-8B4A-11D0-8D11-00A0C91BC942}") = "lwrerange", "lwrerange\lwrerange.vcxproj", "{208C0313-E895-405A-BA2D-8D55C57C9779}"
EndProject
Global
	GlobalSection(SolutionConfigurationPlatforms) = preSolution
		Debug|Win32 = Debug|Win32
		Release|Win32 = Release|Win32
	EndGlobalSection
	GlobalSection(ProjectConfigurationPlatforms) = postSolution
		{4D50A48B-D801-4AE7-B4D5-922D461C8354}.Debug|Win32.ActiveCfg = Debug|Win32
		{4D50A48B-D801-4AE7-B4D5-922D461C8354}.Debug|Win32.Build.0 = Debug|Win32
		{4D50A48B-D801-4AE7-B4D5-922D461C8354}.Release|Win32.ActiveCfg = Release|Win32
		{4D50A48B-D801-4AE7-B4D5-922D461C8354}.Release|Win32.Build.0 = Release|Win32
		{641DD910-7E8F-4287-B0B2-C5F36AEBDC32}.Debug|Win32.ActiveCfg = Debug|Win32
		{641DD910-7E8F-4287-B0B2-C5F36AEBDC32}.Debug|Win32.Build.0 = Debug|Win32
		{641DD910-7E8F-4287-B0B2-C5F36AEBDC32}.Release|Win32.ActiveCfg = Release|Win32
		{641DD910-7E8F-4287-B0B2-C5F36AEBDC32}.Release|Win32.Build.0 = Release|Win32
		{C20D80EA-B440-485B-B555-26401FE7A054}.Debug|Win32.ActiveCfg = Debug|Win32
		{C20D80EA-B440-485B-B555-26401FE7A054}.Debug|Win32.Build.0 = Debug|Win32
		{C20D80EA-B440-485B-B555-26401FE7A054}.Release|Win32.ActiveCfg = Release|Win32
		{C20D80EA-B440-485B-B555-26401FE7A054}.Release|Win32.Build.0 = Release|Win32
		{9689753A-3C3F-49FA-8E9C-7373747054C3}.Debug|Win32.ActiveCfg = Debug|Win32
		{9689753A-3C3F-49FA-8E9C-7373747054C3}.Debug|Win32.Build.0 = Debug|Win32
		{9689753A-3C3F-49FA-8E9C-7373747054C3}.Release|Win32.ActiveCfg = Release|Win32
		{9689753A-3C3F-49FA-8E9C-7373747054C3}.Release|Win32.Build.0 = Release|Win32
		{052446C7-08D5-4389-A19E-47105E884742}.Debug|Win32.ActiveCfg = Debug|Win32
		{052446C7-08D5-4389-A19E-47105E884742}.Debug|Win32.Build.0 = Debug|Win32
		{052446C7-08D5-4389-A19E-47105E884742}.Release|Win32.ActiveCfg = Release|Win32
		{052446C7-08D5-4389-A19E-47105E884742}.Release|Win32.Build.0 = Release|Win32
		{245603E3-F580-41A5-9632-B25FE3372CBF}.Debug|Win32.ActiveCfg = Debug|Win32
		{245603E3-F580-41A5-9632-B25FE3372CBF}.Debug|Win32.Build.0 = Debug|Win32
		{245603E3-F580-41A5-9632-B25FE3372CBF}.Release|Win32.ActiveCfg = Release|Win32
		{245603E3-F580-41A5-9632-B25FE3372CBF}.Release|Win32.Build.0 = Release|Win32
		{208C0313-E895-405A-BA2D-8D55C57C9779}.Debug|Win32.ActiveCfg = Debug|Win32
		{208C0313-E895-405A-BA2D-8D55C57C9779}.Debug|Win32.Build.0 = Debug|Win32
		{208C0313-E895-405A-BA2D-8D55C57C9779}.Release|Win32.ActiveCfg = Release|Win32
		{208C0313-E895-405A-BA2D-8D55C57C9779}.Release|Win32.Build.0 = Release|Win32
	EndGlobalSection
	GlobalSection(SolutionProperties) = preSolution
		HideSolutionNode = FALSE
	EndGlobalSection
EndGlobal
