<?xml version="1.0" encoding="utf-8"?>
<Project ToolsVersion="4.0" xmlns="http://schemas.microsoft.com/developer/msbuild/2003">
  <ItemGroup>
    <Filter Include="Source Files">
      <UniqueIdentifier>{4FC737F1-C7A5-4376-A066-2A32D752A2FF}</UniqueIdentifier>
      <Extensions>cpp;c;cc;cxx;def;odl;idl;hpj;bat;asm;asmx</Extensions>
    </Filter>
    <Filter Include="Header Files">
      <UniqueIdentifier>{93995380-89BD-4b04-88EB-625FBE52EBFB}</UniqueIdentifier>
      <Extensions>h;hpp;hxx;hm;inl;inc;xsd</Extensions>
    </Filter>
    <Filter Include="Resource Files">
      <UniqueIdentifier>{67DA6AB6-F800-4c08-8B7A-83BB121AAD01}</UniqueIdentifier>
      <Extensions>rc;ico;cur;bmp;dlg;rc2;rct;bin;rgs;gif;jpg;jpeg;jpe;resx;tiff;tif;png;wav;mfcribbon-ms</Extensions>
    </Filter>
  </ItemGroup>
  <ItemGroup>
    <ClCompile Include="lwmovie_layer2_sbs.cpp">
      <Filter>Source Files</Filter>
    </ClCompile>
    <ClCompile Include="lwmovie_layer2_imdct_32.cpp">
      <Filter>Source Files</Filter>
    </ClCompile>
    <ClCompile Include="lwmovie_layer2_decode.cpp">
      <Filter>Source Files</Filter>
    </ClCompile>
    <ClCompile Include="lwmovie_layer2_tables.cpp">
      <Filter>Source Files</Filter>
    </ClCompile>
    <ClCompile Include="lwmovie_layer2_csf.cpp">
      <Filter>Source Files</Filter>
    </ClCompile>
  </ItemGroup>
  <ItemGroup>
    <ClInclude Include="lwmovie_layer2.hpp">
      <Filter>Header Files</Filter>
    </ClInclude>
    <ClInclude Include="lwmovie_layer2_constants.hpp">
      <Filter>Header Files</Filter>
    </ClInclude>
    <ClInclude Include="lwmovie_layer2_bitstream.hpp">
      <Filter>Header Files</Filter>
    </ClInclude>
    <ClInclude Include="lwmovie_layer2_csf.hpp">
      <Filter>Header Files</Filter>
    </ClInclude>
    <ClInclude Include="lwmovie_layer2_fixedreal.hpp">
      <Filter>Header Files</Filter>
    </ClInclude>
    <ClInclude Include="lwmovie_layer2_fixedpoint.hpp">
      <Filter>Header Files</Filter>
    </ClInclude>
    <ClInclude Include="lwmovie_layer2_decodestate.hpp">
      <Filter>Header Files</Filter>
    </ClInclude>
    <ClInclude Include="lwmovie_layer2_dspops.hpp">
      <Filter>Header Files</Filter>
    </ClInclude>
    <ClInclude Include="lwmovie_simdint_sse2.hpp">
      <Filter>Header Files</Filter>
    </ClInclude>
    <ClInclude Include="lwmovie_simdint.hpp">
      <Filter>Header Files</Filter>
    </ClInclude>
    <ClInclude Include="lwmovie_layer2_ssefloat.hpp">
      <Filter>Header Files</Filter>
    </ClInclude>
    <ClInclude Include="lwmovie_layer2_sseint.hpp">
      <Filter>Header Files</Filter>
    </ClInclude>
    <ClInclude Include="lwmovie_layer2_nosimd.hpp">
      <Filter>Header Files</Filter>
    </ClInclude>
    <ClInclude Include="..\common\lwmovie_coretypes.h">
      <Filter>Header Files</Filter>
    </ClInclude>
    <ClInclude Include="..\common\lwmovie_config.h">
      <Filter>Header Files</Filter>
    </ClInclude>
  </ItemGroup>
  <ItemGroup>
    <None Include="lwmovie_layer2_xmath.hpp">
      <Filter>Header Files</Filter>
    </None>
  </ItemGroup>
</Project>